
Microsoft Visual Studio Solution File, Format Version 12.00
# Visual Studio 14
VisualStudioVersion = 14.0.24720.0
MinimumVisualStudioVersion = 10.0.40219.1
Project("{2150E333-8FDC-42A3-9474-1A3956D46DE8}") = "src", "src", "{03AF5CDB-D998-4030-8C6A-B95380DB764B}"
EndProject
Project("{2150E333-8FDC-42A3-9474-1A3956D46DE8}") = "Solution Items", "Solution Items", "{6FA2DA96-8B28-4023-B228-87B2BC24473F}"
	ProjectSection(SolutionItems) = preProject
		global.json = global.json
	EndProjectSection
EndProject
Project("{8BB2217D-0F2D-49D1-97BC-3654ED321F3B}") = "WebApp", "src\WebApp\WebApp.xproj", "{7E36B74F-3402-4812-8D80-FB74E25A4B34}"
EndProject
Global
	GlobalSection(SolutionConfigurationPlatforms) = preSolution
		Debug|Any CPU = Debug|Any CPU
		Release|Any CPU = Release|Any CPU
	EndGlobalSection
	GlobalSection(ProjectConfigurationPlatforms) = postSolution
		{7E36B74F-3402-4812-8D80-FB74E25A4B34}.Debug|Any CPU.ActiveCfg = Debug|Any CPU
		{7E36B74F-3402-4812-8D80-FB74E25A4B34}.Debug|Any CPU.Build.0 = Debug|Any CPU
		{7E36B74F-3402-4812-8D80-FB74E25A4B34}.Release|Any CPU.ActiveCfg = Release|Any CPU
		{7E36B74F-3402-4812-8D80-FB74E25A4B34}.Release|Any CPU.Build.0 = Release|Any CPU
	EndGlobalSection
	GlobalSection(SolutionProperties) = preSolution
		HideSolutionNode = FALSE
	EndGlobalSection
	GlobalSection(NestedProjects) = preSolution
		{7E36B74F-3402-4812-8D80-FB74E25A4B34} = {03AF5CDB-D998-4030-8C6A-B95380DB764B}
	EndGlobalSection
EndGlobal
